
Microsoft Visual Studio Solution File, Format Version 12.00
# Visual Studio Version 16
VisualStudioVersion = 16.0.31205.134
MinimumVisualStudioVersion = 10.0.40219.1
Project("{FAE04EC0-301F-11D3-BF4B-00C04F79EFBC}") = "Lab.TodoList.Api", "Lab.TodoList.Api.csproj", "{6C0B5CDE-C722-447F-A7CB-CB54371FD82A}"
EndProject
Project("{FAE04EC0-301F-11D3-BF4B-00C04F79EFBC}") = "Lab.TodoList.Domain", "..\Lab.TodoList.Domain\Lab.TodoList.Domain.csproj", "{D853FE91-9C81-438A-8EB7-D569778F3A12}"
EndProject
Project("{FAE04EC0-301F-11D3-BF4B-00C04F79EFBC}") = "Lab.TodoList.Tests", "..\Lab.TodoList.Tests\Lab.TodoList.Tests.csproj", "{00D828DB-16D6-4A86-8C4F-A27865F82773}"
EndProject
Global
	GlobalSection(SolutionConfigurationPlatforms) = preSolution
		Debug|Any CPU = Debug|Any CPU
		Release|Any CPU = Release|Any CPU
	EndGlobalSection
	GlobalSection(ProjectConfigurationPlatforms) = postSolution
		{6C0B5CDE-C722-447F-A7CB-CB54371FD82A}.Debug|Any CPU.ActiveCfg = Debug|Any CPU
		{6C0B5CDE-C722-447F-A7CB-CB54371FD82A}.Debug|Any CPU.Build.0 = Debug|Any CPU
		{6C0B5CDE-C722-447F-A7CB-CB54371FD82A}.Release|Any CPU.ActiveCfg = Release|Any CPU
		{6C0B5CDE-C722-447F-A7CB-CB54371FD82A}.Release|Any CPU.Build.0 = Release|Any CPU
		{D853FE91-9C81-438A-8EB7-D569778F3A12}.Debug|Any CPU.ActiveCfg = Debug|Any CPU
		{D853FE91-9C81-438A-8EB7-D569778F3A12}.Debug|Any CPU.Build.0 = Debug|Any CPU
		{D853FE91-9C81-438A-8EB7-D569778F3A12}.Release|Any CPU.ActiveCfg = Release|Any CPU
		{D853FE91-9C81-438A-8EB7-D569778F3A12}.Release|Any CPU.Build.0 = Release|Any CPU
		{00D828DB-16D6-4A86-8C4F-A27865F82773}.Debug|Any CPU.ActiveCfg = Debug|Any CPU
		{00D828DB-16D6-4A86-8C4F-A27865F82773}.Debug|Any CPU.Build.0 = Debug|Any CPU
		{00D828DB-16D6-4A86-8C4F-A27865F82773}.Release|Any CPU.ActiveCfg = Release|Any CPU
		{00D828DB-16D6-4A86-8C4F-A27865F82773}.Release|Any CPU.Build.0 = Release|Any CPU
	EndGlobalSection
	GlobalSection(SolutionProperties) = preSolution
		HideSolutionNode = FALSE
	EndGlobalSection
	GlobalSection(ExtensibilityGlobals) = postSolution
		SolutionGuid = {1B7B8FE5-A499-40AA-AD6B-64EA4451431F}
	EndGlobalSection
EndGlobal
